{
  "name": "MERN STACK",
  "lockfileVersion": 3,
  "requires": true,
  "packages": {
    "": {
      "dependencies": {
        "redux": "^5.0.1",
        "redux-thunk": "^3.1.0",
        "thunk": "^0.0.1"
      }
    },
    "node_modules/pjs": {
      "version": "5.1.2",
      "resolved": "https://registry.npmjs.org/pjs/-/pjs-5.1.2.tgz",
      "integrity": "sha512-aoPrjtnYOknat/wiO5hyCkub7LymxSY1BN8gIsW49PfbdPyQiaU+UOo9DfSEhhl48cWLd28IwpERutBveLdQLA=="
    },
    "node_modules/redux": {
      "version": "5.0.1",
      "resolved": "https://registry.npmjs.org/redux/-/redux-5.0.1.tgz",
      "integrity": "sha512-M9/ELqF6fy8FwmkpnF0S3YKOqMyoWJ4+CS5Efg2ct3oY9daQvd/Pc71FpGZsVsbl3Cpb+IIcjBDUnnyBdQbq4w=="
    },
    "node_modules/redux-thunk": {
      "version": "3.1.0",
      "resolved": "https://registry.npmjs.org/redux-thunk/-/redux-thunk-3.1.0.tgz",
      "integrity": "sha512-NW2r5T6ksUKXCabzhL9z+h206HQw/NJkcLm1GPImRQ8IzfXwRGqjVhKJGauHirT0DAuyy6hjdnMZaRoAcy0Klw==",
      "peerDependencies": {
        "redux": "^5.0.0"
      }
    },
    "node_modules/thunk": {
      "version": "0.0.1",
      "resolved": "https://registry.npmjs.org/thunk/-/thunk-0.0.1.tgz",
      "integrity": "sha512-pmOMtF63oJP7v+Hka9yRmcoPVeLGZtq2S0NwAh+rE8guWEOcg27dddYsJYZSJiKg4DTs/i71eaUDEvyCuTDNrg==",
      "dependencies": {
        "pjs": "*"
      },
      "engines": {
        "node": "*"
      }
    }
  }
}
